
Microsoft Visual Studio Solution File, Format Version 12.00
# Visual Studio Version 17
VisualStudioVersion = 17.9.34728.123
MinimumVisualStudioVersion = 10.0.40219.1
Project("{FAE04EC0-301F-11D3-BF4B-00C04F79EFBC}") = "ZeldaQuestTracker", "ZeldaQuestTracker\ZeldaQuestTracker.csproj", "{AF9FD09B-ED51-469B-98AF-93A6A0CD27A7}"
EndProject
Global
	GlobalSection(SolutionConfigurationPlatforms) = preSolution
		Debug|Any CPU = Debug|Any CPU
		Release|Any CPU = Release|Any CPU
	EndGlobalSection
	GlobalSection(ProjectConfigurationPlatforms) = postSolution
		{AF9FD09B-ED51-469B-98AF-93A6A0CD27A7}.Debug|Any CPU.ActiveCfg = Debug|Any CPU
		{AF9FD09B-ED51-469B-98AF-93A6A0CD27A7}.Debug|Any CPU.Build.0 = Debug|Any CPU
		{AF9FD09B-ED51-469B-98AF-93A6A0CD27A7}.Release|Any CPU.ActiveCfg = Release|Any CPU
		{AF9FD09B-ED51-469B-98AF-93A6A0CD27A7}.Release|Any CPU.Build.0 = Release|Any CPU
	EndGlobalSection
	GlobalSection(SolutionProperties) = preSolution
		HideSolutionNode = FALSE
	EndGlobalSection
	GlobalSection(ExtensibilityGlobals) = postSolution
		SolutionGuid = {2418F12A-5B7E-4217-9C97-285C97A57740}
	EndGlobalSection
EndGlobal
